# This file is automatically @generated by Cargo.
# It is not intended for manual editing.
version = 4

[[package]]
name = "libz-rs-sys"
version = "0.5.5"
source = "registry+https://github.com/rust-lang/crates.io-index"
checksum = "c10501e7805cee23da17c7790e59df2870c0d4043ec6d03f67d31e2b53e77415"
dependencies = [
 "zlib-rs",
]

[[package]]
name = "optional_non_dev_dep"
version = "0.1.0"
dependencies = [
 "libz-rs-sys",
]

[[package]]
name = "zlib-rs"
version = "0.5.5"
source = "registry+https://github.com/rust-lang/crates.io-index"
checksum = "40990edd51aae2c2b6907af74ffb635029d5788228222c4bb811e9351c0caad3"
